<?xml version="1.0" encoding="utf-8"?>
<Project ToolsVersion="4.0" xmlns="http://schemas.microsoft.com/developer/msbuild/2003">
  <ItemGroup>
    <ClCompile Include="..\src\wofz.cpp">
      <Filter>Source</Filter>
    </ClCompile>
    <ClCompile Include="..\src\WiRoot.cpp">
      <Filter>Source</Filter>
    </ClCompile>
    <ClCompile Include="..\src\ValidateInputs.cpp">
      <Filter>Source</Filter>
    </ClCompile>
    <ClCompile Include="..\src\ResidueSeries.cpp">
      <Filter>Source</Filter>
    </ClCompile>
    <ClCompile Include="..\src\FlatEarthCurveCorrection.cpp">
      <Filter>Source</Filter>
    </ClCompile>
    <ClCompile Include="..\src\Airy.cpp">
      <Filter>Source</Filter>
    </ClCompile>
    <ClCompile Include="..\src\LFMF.cpp">
      <Filter>Source</Filter>
    </ClCompile>
  </ItemGroup>
  <ItemGroup>
    <ClInclude Include="resource.h">
      <Filter>Resource</Filter>
    </ClInclude>
    <ClInclude Include="..\include\ITS.Propagation.LFMF\LFMF.h">
      <Filter>Header</Filter>
    </ClInclude>
  </ItemGroup>
  <ItemGroup>
    <Filter Include="Source">
      <UniqueIdentifier>{2e06e633-8168-4d43-89d1-a87a931963f8}</UniqueIdentifier>
    </Filter>
    <Filter Include="Header">
      <UniqueIdentifier>{72ea67d1-a062-4cb5-b9cf-a9d3d41a2eb8}</UniqueIdentifier>
    </Filter>
    <Filter Include="Resource">
      <UniqueIdentifier>{96116a8f-f376-49e2-9b7c-2d0078a32cd1}</UniqueIdentifier>
    </Filter>
  </ItemGroup>
  <ItemGroup>
    <None Include="LFMF.def">
      <Filter>Resource</Filter>
    </None>
  </ItemGroup>
  <ItemGroup>
    <ResourceCompile Include="LFMF.rc">
      <Filter>Resource</Filter>
    </ResourceCompile>
  </ItemGroup>
</Project>